
Microsoft Visual Studio Solution File, Format Version 12.00
# Visual Studio Version 17
VisualStudioVersion = 17.14.36221.1 d17.14
MinimumVisualStudioVersion = 10.0.40219.1
Project("{FAE04EC0-301F-11D3-BF4B-00C04F79EFBC}") = "CONVERSOR_TEMPERATURA", "CONVERSOR_TEMPERATURA\CONVERSOR_TEMPERATURA.csproj", "{B3E2238A-6CD7-4A9C-B57F-74F2C98DE235}"
EndProject
Global
	GlobalSection(SolutionConfigurationPlatforms) = preSolution
		Debug|Any CPU = Debug|Any CPU
		Release|Any CPU = Release|Any CPU
	EndGlobalSection
	GlobalSection(ProjectConfigurationPlatforms) = postSolution
		{B3E2238A-6CD7-4A9C-B57F-74F2C98DE235}.Debug|Any CPU.ActiveCfg = Debug|Any CPU
		{B3E2238A-6CD7-4A9C-B57F-74F2C98DE235}.Debug|Any CPU.Build.0 = Debug|Any CPU
		{B3E2238A-6CD7-4A9C-B57F-74F2C98DE235}.Release|Any CPU.ActiveCfg = Release|Any CPU
		{B3E2238A-6CD7-4A9C-B57F-74F2C98DE235}.Release|Any CPU.Build.0 = Release|Any CPU
	EndGlobalSection
	GlobalSection(SolutionProperties) = preSolution
		HideSolutionNode = FALSE
	EndGlobalSection
	GlobalSection(ExtensibilityGlobals) = postSolution
		SolutionGuid = {B47EC55B-EDEB-48AE-8B1E-2D75226323B6}
	EndGlobalSection
EndGlobal
